
Microsoft Visual Studio Solution File, Format Version 11.00
# Visual Studio 2010
Project("{FAE04EC0-301F-11D3-BF4B-00C04F79EFBC}") = "Apache.Commons.Math", "Apache.Commons.Math\Apache.Commons.Math.csproj", "{720683C9-4E3C-4FD3-88D6-E2BC5921D029}"
EndProject
Project("{FAE04EC0-301F-11D3-BF4B-00C04F79EFBC}") = "JavaDotNet", "JavaDotNet\JavaDotNet.csproj", "{827CE27B-43EE-4023-9E72-883B17B364B7}"
EndProject
Global
	GlobalSection(SolutionConfigurationPlatforms) = preSolution
		Debug|Any CPU = Debug|Any CPU
		Release|Any CPU = Release|Any CPU
	EndGlobalSection
	GlobalSection(ProjectConfigurationPlatforms) = postSolution
		{720683C9-4E3C-4FD3-88D6-E2BC5921D029}.Debug|Any CPU.ActiveCfg = Debug|Any CPU
		{720683C9-4E3C-4FD3-88D6-E2BC5921D029}.Debug|Any CPU.Build.0 = Debug|Any CPU
		{720683C9-4E3C-4FD3-88D6-E2BC5921D029}.Release|Any CPU.ActiveCfg = Release|Any CPU
		{720683C9-4E3C-4FD3-88D6-E2BC5921D029}.Release|Any CPU.Build.0 = Release|Any CPU
		{827CE27B-43EE-4023-9E72-883B17B364B7}.Debug|Any CPU.ActiveCfg = Debug|Any CPU
		{827CE27B-43EE-4023-9E72-883B17B364B7}.Debug|Any CPU.Build.0 = Debug|Any CPU
		{827CE27B-43EE-4023-9E72-883B17B364B7}.Release|Any CPU.ActiveCfg = Release|Any CPU
		{827CE27B-43EE-4023-9E72-883B17B364B7}.Release|Any CPU.Build.0 = Release|Any CPU
	EndGlobalSection
	GlobalSection(MonoDevelopProperties) = preSolution
		StartupItem = Apache.Commons.Math\Apache.Commons.Math.csproj
	EndGlobalSection
	GlobalSection(SolutionProperties) = preSolution
		HideSolutionNode = FALSE
	EndGlobalSection
EndGlobal
